// !$*UTF8*$!
{
	archiveVersion = 1;
	classes = {
	};
	objectVersion = 46;
	objects = {

/* Begin PBXBuildFile section */
		6605832E1E4D970E007D9F1D /* EventInfo.swift in Sources */ = {isa = PBXBuildFile; fileRef = 6605832D1E4D970E007D9F1D /* EventInfo.swift */; };
		6605BBE11E51E8B0003C9872 /* LocationInfo.swift in Sources */ = {isa = PBXBuildFile; fileRef = 6605BBE01E51E8B0003C9872 /* LocationInfo.swift */; };
		6621C3191E4D7FDA00B65A57 /* PhotoViewController.swift in Sources */ = {isa = PBXBuildFile; fileRef = 6621C3181E4D7FDA00B65A57 /* PhotoViewController.swift */; };
		6621C31B1E4D88A000B65A57 /* PhotoInfo.swift in Sources */ = {isa = PBXBuildFile; fileRef = 6621C31A1E4D88A000B65A57 /* PhotoInfo.swift */; };
		6627D42E1E5183BC0095B024 /* PhotoEditViewController.swift in Sources */ = {isa = PBXBuildFile; fileRef = 6627D42D1E5183BC0095B024 /* PhotoEditViewController.swift */; };
		6627D43C1E519E6D0095B024 /* PhotoCollectionViewCell.swift in Sources */ = {isa = PBXBuildFile; fileRef = 6627D43B1E519E6D0095B024 /* PhotoCollectionViewCell.swift */; };
		662C1FBB1E5177AB00ECF54F /* CVCalendar in Resources */ = {isa = PBXBuildFile; fileRef = 662C1FBA1E5177AB00ECF54F /* CVCalendar */; };
		662C1FBD1E517E8B00ECF54F /* NthDayViewController.swift in Sources */ = {isa = PBXBuildFile; fileRef = 662C1FBC1E517E8B00ECF54F /* NthDayViewController.swift */; };
		669EBA101E486762004F5CCB /* AppDelegate.swift in Sources */ = {isa = PBXBuildFile; fileRef = 669EBA0F1E486762004F5CCB /* AppDelegate.swift */; };
		669EBA121E486762004F5CCB /* ViewController.swift in Sources */ = {isa = PBXBuildFile; fileRef = 669EBA111E486762004F5CCB /* ViewController.swift */; };
		669EBA151E486762004F5CCB /* Main.storyboard in Resources */ = {isa = PBXBuildFile; fileRef = 669EBA131E486762004F5CCB /* Main.storyboard */; };
		669EBA171E486762004F5CCB /* Assets.xcassets in Resources */ = {isa = PBXBuildFile; fileRef = 669EBA161E486762004F5CCB /* Assets.xcassets */; };
		669EBA1A1E486762004F5CCB /* LaunchScreen.storyboard in Resources */ = {isa = PBXBuildFile; fileRef = 669EBA181E486762004F5CCB /* LaunchScreen.storyboard */; };
		66D3DBB01E4AEB7E00864139 /* MapView.storyboard in Resources */ = {isa = PBXBuildFile; fileRef = 66D3DBAF1E4AEB7E00864139 /* MapView.storyboard */; };
		66D3DBB21E4AEB8A00864139 /* PhotoView.storyboard in Resources */ = {isa = PBXBuildFile; fileRef = 66D3DBB11E4AEB8A00864139 /* PhotoView.storyboard */; };
		7AE1051D1E5046290059F9C0 /* MapViewController.swift in Sources */ = {isa = PBXBuildFile; fileRef = 7AE1051C1E5046290059F9C0 /* MapViewController.swift */; };
		7AE1051F1E5046380059F9C0 /* GoogleMapsViewController.swift in Sources */ = {isa = PBXBuildFile; fileRef = 7AE1051E1E5046380059F9C0 /* GoogleMapsViewController.swift */; };
		A8EE6CE00B8DC2DA33064D2D /* Pods_TravelRecorder.framework in Frameworks */ = {isa = PBXBuildFile; fileRef = 2CD93E712FE6612876F5A7FB /* Pods_TravelRecorder.framework */; };
		C104EEC81E52FB190095B4D5 /* MainViewButtonController.swift in Sources */ = {isa = PBXBuildFile; fileRef = C104EEC71E52FB190095B4D5 /* MainViewButtonController.swift */; };
		C104EECA1E5305D00095B4D5 /* ButtonTransitionController.swift in Sources */ = {isa = PBXBuildFile; fileRef = C104EEC91E5305D00095B4D5 /* ButtonTransitionController.swift */; };
/* End PBXBuildFile section */

/* Begin PBXFileReference section */
		2CD93E712FE6612876F5A7FB /* Pods_TravelRecorder.framework */ = {isa = PBXFileReference; explicitFileType = wrapper.framework; includeInIndex = 0; path = Pods_TravelRecorder.framework; sourceTree = BUILT_PRODUCTS_DIR; };
		6605832D1E4D970E007D9F1D /* EventInfo.swift */ = {isa = PBXFileReference; fileEncoding = 4; lastKnownFileType = sourcecode.swift; path = EventInfo.swift; sourceTree = "<group>"; };
		6605BBE01E51E8B0003C9872 /* LocationInfo.swift */ = {isa = PBXFileReference; fileEncoding = 4; lastKnownFileType = sourcecode.swift; path = LocationInfo.swift; sourceTree = "<group>"; };
		6621C3181E4D7FDA00B65A57 /* PhotoViewController.swift */ = {isa = PBXFileReference; fileEncoding = 4; lastKnownFileType = sourcecode.swift; path = PhotoViewController.swift; sourceTree = "<group>"; };
		6621C31A1E4D88A000B65A57 /* PhotoInfo.swift */ = {isa = PBXFileReference; fileEncoding = 4; lastKnownFileType = sourcecode.swift; path = PhotoInfo.swift; sourceTree = "<group>"; };
		6627D42D1E5183BC0095B024 /* PhotoEditViewController.swift */ = {isa = PBXFileReference; fileEncoding = 4; lastKnownFileType = sourcecode.swift; path = PhotoEditViewController.swift; sourceTree = "<group>"; };
		6627D43B1E519E6D0095B024 /* PhotoCollectionViewCell.swift */ = {isa = PBXFileReference; fileEncoding = 4; lastKnownFileType = sourcecode.swift; path = PhotoCollectionViewCell.swift; sourceTree = "<group>"; };
		662C1FBA1E5177AB00ECF54F /* CVCalendar */ = {isa = PBXFileReference; lastKnownFileType = folder; name = CVCalendar; path = Pods/CVCalendar; sourceTree = "<group>"; };
		662C1FBC1E517E8B00ECF54F /* NthDayViewController.swift */ = {isa = PBXFileReference; fileEncoding = 4; lastKnownFileType = sourcecode.swift; path = NthDayViewController.swift; sourceTree = "<group>"; };
		669EBA0C1E486762004F5CCB /* TravelRecorder.app */ = {isa = PBXFileReference; explicitFileType = wrapper.application; includeInIndex = 0; path = TravelRecorder.app; sourceTree = BUILT_PRODUCTS_DIR; };
		669EBA0F1E486762004F5CCB /* AppDelegate.swift */ = {isa = PBXFileReference; lastKnownFileType = sourcecode.swift; path = AppDelegate.swift; sourceTree = "<group>"; };
		669EBA111E486762004F5CCB /* ViewController.swift */ = {isa = PBXFileReference; lastKnownFileType = sourcecode.swift; path = ViewController.swift; sourceTree = "<group>"; };
		669EBA141E486762004F5CCB /* Base */ = {isa = PBXFileReference; lastKnownFileType = file.storyboard; name = Base; path = Base.lproj/Main.storyboard; sourceTree = "<group>"; };
		669EBA161E486762004F5CCB /* Assets.xcassets */ = {isa = PBXFileReference; lastKnownFileType = folder.assetcatalog; path = Assets.xcassets; sourceTree = "<group>"; };
		669EBA191E486762004F5CCB /* Base */ = {isa = PBXFileReference; lastKnownFileType = file.storyboard; name = Base; path = Base.lproj/LaunchScreen.storyboard; sourceTree = "<group>"; };
		669EBA1B1E486762004F5CCB /* Info.plist */ = {isa = PBXFileReference; lastKnownFileType = text.plist.xml; path = Info.plist; sourceTree = "<group>"; };
		66D3DBAF1E4AEB7E00864139 /* MapView.storyboard */ = {isa = PBXFileReference; fileEncoding = 4; lastKnownFileType = file.storyboard; path = MapView.storyboard; sourceTree = "<group>"; };
		66D3DBB11E4AEB8A00864139 /* PhotoView.storyboard */ = {isa = PBXFileReference; fileEncoding = 4; lastKnownFileType = file.storyboard; path = PhotoView.storyboard; sourceTree = "<group>"; };
		7AE1051C1E5046290059F9C0 /* MapViewController.swift */ = {isa = PBXFileReference; fileEncoding = 4; lastKnownFileType = sourcecode.swift; path = MapViewController.swift; sourceTree = "<group>"; };
		7AE1051E1E5046380059F9C0 /* GoogleMapsViewController.swift */ = {isa = PBXFileReference; fileEncoding = 4; lastKnownFileType = sourcecode.swift; path = GoogleMapsViewController.swift; sourceTree = "<group>"; };
		A2E7B9A4069EA2032B81C1C4 /* Pods-TravelRecorder.debug.xcconfig */ = {isa = PBXFileReference; includeInIndex = 1; lastKnownFileType = text.xcconfig; name = "Pods-TravelRecorder.debug.xcconfig"; path = "Pods/Target Support Files/Pods-TravelRecorder/Pods-TravelRecorder.debug.xcconfig"; sourceTree = "<group>"; };
		C104EEC71E52FB190095B4D5 /* MainViewButtonController.swift */ = {isa = PBXFileReference; fileEncoding = 4; lastKnownFileType = sourcecode.swift; path = MainViewButtonController.swift; sourceTree = "<group>"; };
		C104EEC91E5305D00095B4D5 /* ButtonTransitionController.swift */ = {isa = PBXFileReference; fileEncoding = 4; lastKnownFileType = sourcecode.swift; path = ButtonTransitionController.swift; sourceTree = "<group>"; };
		F57BB953CC30F37D959080CB /* Pods-TravelRecorder.release.xcconfig */ = {isa = PBXFileReference; includeInIndex = 1; lastKnownFileType = text.xcconfig; name = "Pods-TravelRecorder.release.xcconfig"; path = "Pods/Target Support Files/Pods-TravelRecorder/Pods-TravelRecorder.release.xcconfig"; sourceTree = "<group>"; };
/* End PBXFileReference section */

/* Begin PBXFrameworksBuildPhase section */
		669EBA091E486762004F5CCB /* Frameworks */ = {
			isa = PBXFrameworksBuildPhase;
			buildActionMask = 2147483647;
			files = (
				A8EE6CE00B8DC2DA33064D2D /* Pods_TravelRecorder.framework in Frameworks */,
			);
			runOnlyForDeploymentPostprocessing = 0;
		};
/* End PBXFrameworksBuildPhase section */

/* Begin PBXGroup section */
		19E01078ECAD740ACFDB7F0E /* Frameworks */ = {
			isa = PBXGroup;
			children = (
				2CD93E712FE6612876F5A7FB /* Pods_TravelRecorder.framework */,
			);
			name = Frameworks;
			sourceTree = "<group>";
		};
		669EBA031E486762004F5CCB = {
			isa = PBXGroup;
			children = (
				662C1FBA1E5177AB00ECF54F /* CVCalendar */,
				669EBA0E1E486762004F5CCB /* TravelRecorder */,
				669EBA0D1E486762004F5CCB /* Products */,
				AE61F675F7D2365E38DE69E3 /* Pods */,
				19E01078ECAD740ACFDB7F0E /* Frameworks */,
			);
			sourceTree = "<group>";
		};
		669EBA0D1E486762004F5CCB /* Products */ = {
			isa = PBXGroup;
			children = (
				669EBA0C1E486762004F5CCB /* TravelRecorder.app */,
			);
			name = Products;
			sourceTree = "<group>";
		};
		669EBA0E1E486762004F5CCB /* TravelRecorder */ = {
			isa = PBXGroup;
			children = (
				669EBA0F1E486762004F5CCB /* AppDelegate.swift */,
				669EBA131E486762004F5CCB /* Main.storyboard */,
				669EBA111E486762004F5CCB /* ViewController.swift */,
				C1DAF5131E5205E900FF7D90 /* SeparatedMainstoryboard */,
				66D3DBAF1E4AEB7E00864139 /* MapView.storyboard */,
				7AE1051C1E5046290059F9C0 /* MapViewController.swift */,
				6605BBE01E51E8B0003C9872 /* LocationInfo.swift */,
				7AE1051E1E5046380059F9C0 /* GoogleMapsViewController.swift */,
				66D3DBB11E4AEB8A00864139 /* PhotoView.storyboard */,
				6621C3181E4D7FDA00B65A57 /* PhotoViewController.swift */,
				6627D43B1E519E6D0095B024 /* PhotoCollectionViewCell.swift */,
				6627D42D1E5183BC0095B024 /* PhotoEditViewController.swift */,
				669EBA161E486762004F5CCB /* Assets.xcassets */,
				6605832D1E4D970E007D9F1D /* EventInfo.swift */,
				6621C31A1E4D88A000B65A57 /* PhotoInfo.swift */,
				669EBA181E486762004F5CCB /* LaunchScreen.storyboard */,
				669EBA1B1E486762004F5CCB /* Info.plist */,
			);
			path = TravelRecorder;
			sourceTree = "<group>";
		};
		AE61F675F7D2365E38DE69E3 /* Pods */ = {
			isa = PBXGroup;
			children = (
				A2E7B9A4069EA2032B81C1C4 /* Pods-TravelRecorder.debug.xcconfig */,
				F57BB953CC30F37D959080CB /* Pods-TravelRecorder.release.xcconfig */,
			);
			name = Pods;
			sourceTree = "<group>";
		};
		C1DAF5131E5205E900FF7D90 /* SeparatedMainstoryboard */ = {
			isa = PBXGroup;
			children = (
				C104EEC71E52FB190095B4D5 /* MainViewButtonController.swift */,
				C104EEC91E5305D00095B4D5 /* ButtonTransitionController.swift */,
				662C1FBC1E517E8B00ECF54F /* NthDayViewController.swift */,
			);
			name = SeparatedMainstoryboard;
			sourceTree = "<group>";
		};
/* End PBXGroup section */

/* Begin PBXNativeTarget section */
		669EBA0B1E486762004F5CCB /* TravelRecorder */ = {
			isa = PBXNativeTarget;
			buildConfigurationList = 669EBA1E1E486762004F5CCB /* Build configuration list for PBXNativeTarget "TravelRecorder" */;
			buildPhases = (
				416DAB9915473327743690FD /* [CP] Check Pods Manifest.lock */,
				669EBA081E486762004F5CCB /* Sources */,
				669EBA091E486762004F5CCB /* Frameworks */,
				669EBA0A1E486762004F5CCB /* Resources */,
				9A8D614CD141BEF29E7026B4 /* [CP] Embed Pods Frameworks */,
				4E3681E1ED45842F119AFFA9 /* [CP] Copy Pods Resources */,
			);
			buildRules = (
			);
			dependencies = (
			);
			name = TravelRecorder;
			productName = TravelRecorder;
			productReference = 669EBA0C1E486762004F5CCB /* TravelRecorder.app */;
			productType = "com.apple.product-type.application";
		};
/* End PBXNativeTarget section */

/* Begin PBXProject section */
		669EBA041E486762004F5CCB /* Project object */ = {
			isa = PBXProject;
			attributes = {
				LastSwiftUpdateCheck = 0820;
				LastUpgradeCheck = 0820;
				ORGANIZATIONNAME = owlsogul;
				TargetAttributes = {
					669EBA0B1E486762004F5CCB = {
						CreatedOnToolsVersion = 8.2.1;
						ProvisioningStyle = Automatic;
					};
				};
			};
			buildConfigurationList = 669EBA071E486762004F5CCB /* Build configuration list for PBXProject "TravelRecorder" */;
			compatibilityVersion = "Xcode 3.2";
			developmentRegion = English;
			hasScannedForEncodings = 0;
			knownRegions = (
				en,
				Base,
			);
			mainGroup = 669EBA031E486762004F5CCB;
			productRefGroup = 669EBA0D1E486762004F5CCB /* Products */;
			projectDirPath = "";
			projectRoot = "";
			targets = (
				669EBA0B1E486762004F5CCB /* TravelRecorder */,
			);
		};
/* End PBXProject section */

/* Begin PBXResourcesBuildPhase section */
		669EBA0A1E486762004F5CCB /* Resources */ = {
			isa = PBXResourcesBuildPhase;
			buildActionMask = 2147483647;
			files = (
				66D3DBB21E4AEB8A00864139 /* PhotoView.storyboard in Resources */,
				662C1FBB1E5177AB00ECF54F /* CVCalendar in Resources */,
				669EBA1A1E486762004F5CCB /* LaunchScreen.storyboard in Resources */,
				669EBA171E486762004F5CCB /* Assets.xcassets in Resources */,
				66D3DBB01E4AEB7E00864139 /* MapView.storyboard in Resources */,
				669EBA151E486762004F5CCB /* Main.storyboard in Resources */,
			);
			runOnlyForDeploymentPostprocessing = 0;
		};
/* End PBXResourcesBuildPhase section */

/* Begin PBXShellScriptBuildPhase section */
		416DAB9915473327743690FD /* [CP] Check Pods Manifest.lock */ = {
			isa = PBXShellScriptBuildPhase;
			buildActionMask = 2147483647;
			files = (
			);
			inputPaths = (
			);
			name = "[CP] Check Pods Manifest.lock";
			outputPaths = (
			);
			runOnlyForDeploymentPostprocessing = 0;
			shellPath = /bin/sh;
			shellScript = "diff \"${PODS_ROOT}/../Podfile.lock\" \"${PODS_ROOT}/Manifest.lock\" > /dev/null\nif [ $? != 0 ] ; then\n    # print error to STDERR\n    echo \"error: The sandbox is not in sync with the Podfile.lock. Run 'pod install' or update your CocoaPods installation.\" >&2\n    exit 1\nfi\n";
			showEnvVarsInLog = 0;
		};
		4E3681E1ED45842F119AFFA9 /* [CP] Copy Pods Resources */ = {
			isa = PBXShellScriptBuildPhase;
			buildActionMask = 2147483647;
			files = (
			);
			inputPaths = (
			);
			name = "[CP] Copy Pods Resources";
			outputPaths = (
			);
			runOnlyForDeploymentPostprocessing = 0;
			shellPath = /bin/sh;
			shellScript = "\"${SRCROOT}/Pods/Target Support Files/Pods-TravelRecorder/Pods-TravelRecorder-resources.sh\"\n";
			showEnvVarsInLog = 0;
		};
		9A8D614CD141BEF29E7026B4 /* [CP] Embed Pods Frameworks */ = {
			isa = PBXShellScriptBuildPhase;
			buildActionMask = 2147483647;
			files = (
			);
			inputPaths = (
			);
			name = "[CP] Embed Pods Frameworks";
			outputPaths = (
			);
			runOnlyForDeploymentPostprocessing = 0;
			shellPath = /bin/sh;
			shellScript = "\"${SRCROOT}/Pods/Target Support Files/Pods-TravelRecorder/Pods-TravelRecorder-frameworks.sh\"\n";
			showEnvVarsInLog = 0;
		};
/* End PBXShellScriptBuildPhase section */

/* Begin PBXSourcesBuildPhase section */
		669EBA081E486762004F5CCB /* Sources */ = {
			isa = PBXSourcesBuildPhase;
			buildActionMask = 2147483647;
			files = (
				662C1FBD1E517E8B00ECF54F /* NthDayViewController.swift in Sources */,
				C104EEC81E52FB190095B4D5 /* MainViewButtonController.swift in Sources */,
				6627D42E1E5183BC0095B024 /* PhotoEditViewController.swift in Sources */,
				6621C3191E4D7FDA00B65A57 /* PhotoViewController.swift in Sources */,
				669EBA121E486762004F5CCB /* ViewController.swift in Sources */,
				6627D43C1E519E6D0095B024 /* PhotoCollectionViewCell.swift in Sources */,
				669EBA101E486762004F5CCB /* AppDelegate.swift in Sources */,
				6621C31B1E4D88A000B65A57 /* PhotoInfo.swift in Sources */,
				C104EECA1E5305D00095B4D5 /* ButtonTransitionController.swift in Sources */,
				6605832E1E4D970E007D9F1D /* EventInfo.swift in Sources */,
				6605BBE11E51E8B0003C9872 /* LocationInfo.swift in Sources */,
				7AE1051D1E5046290059F9C0 /* MapViewController.swift in Sources */,
				7AE1051F1E5046380059F9C0 /* GoogleMapsViewController.swift in Sources */,
			);
			runOnlyForDeploymentPostprocessing = 0;
		};
/* End PBXSourcesBuildPhase section */

/* Begin PBXVariantGroup section */
		669EBA131E486762004F5CCB /* Main.storyboard */ = {
			isa = PBXVariantGroup;
			children = (
				669EBA141E486762004F5CCB /* Base */,
			);
			name = Main.storyboard;
			sourceTree = "<group>";
		};
		669EBA181E486762004F5CCB /* LaunchScreen.storyboard */ = {
			isa = PBXVariantGroup;
			children = (
				669EBA191E486762004F5CCB /* Base */,
			);
			name = LaunchScreen.storyboard;
			sourceTree = "<group>";
		};
/* End PBXVariantGroup section */

/* Begin XCBuildConfiguration section */
		669EBA1C1E486762004F5CCB /* Debug */ = {
			isa = XCBuildConfiguration;
			buildSettings = {
				ALWAYS_SEARCH_USER_PATHS = NO;
				CLANG_ANALYZER_NONNULL = YES;
				CLANG_CXX_LANGUAGE_STANDARD = "gnu++0x";
				CLANG_CXX_LIBRARY = "libc++";
				CLANG_ENABLE_MODULES = YES;
				CLANG_ENABLE_OBJC_ARC = YES;
				CLANG_WARN_BOOL_CONVERSION = YES;
				CLANG_WARN_CONSTANT_CONVERSION = YES;
				CLANG_WARN_DIRECT_OBJC_ISA_USAGE = YES_ERROR;
				CLANG_WARN_DOCUMENTATION_COMMENTS = YES;
				CLANG_WARN_EMPTY_BODY = YES;
				CLANG_WARN_ENUM_CONVERSION = YES;
				CLANG_WARN_INFINITE_RECURSION = YES;
				CLANG_WARN_INT_CONVERSION = YES;
				CLANG_WARN_OBJC_ROOT_CLASS = YES_ERROR;
				CLANG_WARN_SUSPICIOUS_MOVE = YES;
				CLANG_WARN_UNREACHABLE_CODE = YES;
				CLANG_WARN__DUPLICATE_METHOD_MATCH = YES;
				"CODE_SIGN_IDENTITY[sdk=iphoneos*]" = "iPhone Developer";
				COPY_PHASE_STRIP = NO;
				DEBUG_INFORMATION_FORMAT = dwarf;
				ENABLE_STRICT_OBJC_MSGSEND = YES;
				ENABLE_TESTABILITY = YES;
				GCC_C_LANGUAGE_STANDARD = gnu99;
				GCC_DYNAMIC_NO_PIC = NO;
				GCC_NO_COMMON_BLOCKS = YES;
				GCC_OPTIMIZATION_LEVEL = 0;
				GCC_PREPROCESSOR_DEFINITIONS = (
					"DEBUG=1",
					"$(inherited)",
				);
				GCC_WARN_64_TO_32_BIT_CONVERSION = YES;
				GCC_WARN_ABOUT_RETURN_TYPE = YES_ERROR;
				GCC_WARN_UNDECLARED_SELECTOR = YES;
				GCC_WARN_UNINITIALIZED_AUTOS = YES_AGGRESSIVE;
				GCC_WARN_UNUSED_FUNCTION = YES;
				GCC_WARN_UNUSED_VARIABLE = YES;
				IPHONEOS_DEPLOYMENT_TARGET = 10.2;
				MTL_ENABLE_DEBUG_INFO = YES;
				ONLY_ACTIVE_ARCH = YES;
				SDKROOT = iphoneos;
				SWIFT_ACTIVE_COMPILATION_CONDITIONS = DEBUG;
				SWIFT_OPTIMIZATION_LEVEL = "-Onone";
				TARGETED_DEVICE_FAMILY = "1,2";
			};
			name = Debug;
		};
		669EBA1D1E486762004F5CCB /* Release */ = {
			isa = XCBuildConfiguration;
			buildSettings = {
				ALWAYS_SEARCH_USER_PATHS = NO;
				CLANG_ANALYZER_NONNULL = YES;
				CLANG_CXX_LANGUAGE_STANDARD = "gnu++0x";
				CLANG_CXX_LIBRARY = "libc++";
				CLANG_ENABLE_MODULES = YES;
				CLANG_ENABLE_OBJC_ARC = YES;
				CLANG_WARN_BOOL_CONVERSION = YES;
				CLANG_WARN_CONSTANT_CONVERSION = YES;
				CLANG_WARN_DIRECT_OBJC_ISA_USAGE = YES_ERROR;
				CLANG_WARN_DOCUMENTATION_COMMENTS = YES;
				CLANG_WARN_EMPTY_BODY = YES;
				CLANG_WARN_ENUM_CONVERSION = YES;
				CLANG_WARN_INFINITE_RECURSION = YES;
				CLANG_WARN_INT_CONVERSION = YES;
				CLANG_WARN_OBJC_ROOT_CLASS = YES_ERROR;
				CLANG_WARN_SUSPICIOUS_MOVE = YES;
				CLANG_WARN_UNREACHABLE_CODE = YES;
				CLANG_WARN__DUPLICATE_METHOD_MATCH = YES;
				"CODE_SIGN_IDENTITY[sdk=iphoneos*]" = "iPhone Developer";
				COPY_PHASE_STRIP = NO;
				DEBUG_INFORMATION_FORMAT = "dwarf-with-dsym";
				ENABLE_NS_ASSERTIONS = NO;
				ENABLE_STRICT_OBJC_MSGSEND = YES;
				GCC_C_LANGUAGE_STANDARD = gnu99;
				GCC_NO_COMMON_BLOCKS = YES;
				GCC_WARN_64_TO_32_BIT_CONVERSION = YES;
				GCC_WARN_ABOUT_RETURN_TYPE = YES_ERROR;
				GCC_WARN_UNDECLARED_SELECTOR = YES;
				GCC_WARN_UNINITIALIZED_AUTOS = YES_AGGRESSIVE;
				GCC_WARN_UNUSED_FUNCTION = YES;
				GCC_WARN_UNUSED_VARIABLE = YES;
				IPHONEOS_DEPLOYMENT_TARGET = 10.2;
				MTL_ENABLE_DEBUG_INFO = NO;
				SDKROOT = iphoneos;
				SWIFT_OPTIMIZATION_LEVEL = "-Owholemodule";
				TARGETED_DEVICE_FAMILY = "1,2";
				VALIDATE_PRODUCT = YES;
			};
			name = Release;
		};
		669EBA1F1E486762004F5CCB /* Debug */ = {
			isa = XCBuildConfiguration;
			baseConfigurationReference = A2E7B9A4069EA2032B81C1C4 /* Pods-TravelRecorder.debug.xcconfig */;
			buildSettings = {
				ASSETCATALOG_COMPILER_APPICON_NAME = AppIcon;
				INFOPLIST_FILE = TravelRecorder/Info.plist;
				LD_RUNPATH_SEARCH_PATHS = "$(inherited) @executable_path/Frameworks";
				PRODUCT_BUNDLE_IDENTIFIER = Review.ProjectIntheClass.com.github;
				PRODUCT_NAME = "$(TARGET_NAME)";
				SWIFT_VERSION = 3.0;
			};
			name = Debug;
		};
		669EBA201E486762004F5CCB /* Release */ = {
			isa = XCBuildConfiguration;
			baseConfigurationReference = F57BB953CC30F37D959080CB /* Pods-TravelRecorder.release.xcconfig */;
			buildSettings = {
				ASSETCATALOG_COMPILER_APPICON_NAME = AppIcon;
				INFOPLIST_FILE = TravelRecorder/Info.plist;
				LD_RUNPATH_SEARCH_PATHS = "$(inherited) @executable_path/Frameworks";
				PRODUCT_BUNDLE_IDENTIFIER = Review.ProjectIntheClass.com.github;
				PRODUCT_NAME = "$(TARGET_NAME)";
				SWIFT_VERSION = 3.0;
			};
			name = Release;
		};
/* End XCBuildConfiguration section */

/* Begin XCConfigurationList section */
		669EBA071E486762004F5CCB /* Build configuration list for PBXProject "TravelRecorder" */ = {
			isa = XCConfigurationList;
			buildConfigurations = (
				669EBA1C1E486762004F5CCB /* Debug */,
				669EBA1D1E486762004F5CCB /* Release */,
			);
			defaultConfigurationIsVisible = 0;
			defaultConfigurationName = Release;
		};
		669EBA1E1E486762004F5CCB /* Build configuration list for PBXNativeTarget "TravelRecorder" */ = {
			isa = XCConfigurationList;
			buildConfigurations = (
				669EBA1F1E486762004F5CCB /* Debug */,
				669EBA201E486762004F5CCB /* Release */,
			);
			defaultConfigurationIsVisible = 0;
			defaultConfigurationName = Release;
		};
/* End XCConfigurationList section */
	};
	rootObject = 669EBA041E486762004F5CCB /* Project object */;
}
